
Microsoft Visual Studio Solution File, Format Version 12.00
# Visual Studio Version 17
VisualStudioVersion = 17.3.32819.101
MinimumVisualStudioVersion = 10.0.40219.1
Project("{FAE04EC0-301F-11D3-BF4B-00C04F79EFBC}") = "SelectionStatementsEx", "SelectionStatementsEx\SelectionStatementsEx.csproj", "{BD97CC09-2112-4F9E-A4E7-23032F97536A}"
EndProject
Global
	GlobalSection(SolutionConfigurationPlatforms) = preSolution
		Debug|Any CPU = Debug|Any CPU
		Release|Any CPU = Release|Any CPU
	EndGlobalSection
	GlobalSection(ProjectConfigurationPlatforms) = postSolution
		{BD97CC09-2112-4F9E-A4E7-23032F97536A}.Debug|Any CPU.ActiveCfg = Debug|Any CPU
		{BD97CC09-2112-4F9E-A4E7-23032F97536A}.Debug|Any CPU.Build.0 = Debug|Any CPU
		{BD97CC09-2112-4F9E-A4E7-23032F97536A}.Release|Any CPU.ActiveCfg = Release|Any CPU
		{BD97CC09-2112-4F9E-A4E7-23032F97536A}.Release|Any CPU.Build.0 = Release|Any CPU
	EndGlobalSection
	GlobalSection(SolutionProperties) = preSolution
		HideSolutionNode = FALSE
	EndGlobalSection
	GlobalSection(ExtensibilityGlobals) = postSolution
		SolutionGuid = {F5586903-550C-4766-B053-B5BC017AA8FC}
	EndGlobalSection
EndGlobal
